
Microsoft Visual Studio Solution File, Format Version 12.00
# Visual Studio Version 17
VisualStudioVersion = 17.12.35707.178
MinimumVisualStudioVersion = 10.0.40219.1
Project("{FAE04EC0-301F-11D3-BF4B-00C04F79EFBC}") = "Test.API", "Test.API.csproj", "{5A4E42F6-4DE8-4BA8-A84B-44A6F76F3069}"
EndProject
Project("{FAE04EC0-301F-11D3-BF4B-00C04F79EFBC}") = "Test.Domain", "..\Test.Domain\Test.Domain.csproj", "{637A7060-B4BF-4D1B-87EC-F80B0D454963}"
EndProject
Project("{FAE04EC0-301F-11D3-BF4B-00C04F79EFBC}") = "Test.Dal", "..\Test.Dal\Test.Dal.csproj", "{68BD4502-3B3F-419B-A56F-71BB345AA5CB}"
EndProject
Project("{FAE04EC0-301F-11D3-BF4B-00C04F79EFBC}") = "Test.Application", "..\Test.Application\Test.Application.csproj", "{5DEE16D3-55AF-444B-9E91-9F0FD9ADC36F}"
EndProject
Project("{FAE04EC0-301F-11D3-BF4B-00C04F79EFBC}") = "Test.Infastructure", "..\Test.Infastructure\Test.Infastructure.csproj", "{ABDA19C1-7C9D-40E7-9818-35EF56FC78B2}"
EndProject
Project("{FAE04EC0-301F-11D3-BF4B-00C04F79EFBC}") = "Test.Contracts", "..\Test.Contracts\Test.Contracts.csproj", "{1EF2E0C9-6681-4BC8-ABE2-1059AB6EF551}"
EndProject
Global
	GlobalSection(SolutionConfigurationPlatforms) = preSolution
		Debug|Any CPU = Debug|Any CPU
		Release|Any CPU = Release|Any CPU
	EndGlobalSection
	GlobalSection(ProjectConfigurationPlatforms) = postSolution
		{5A4E42F6-4DE8-4BA8-A84B-44A6F76F3069}.Debug|Any CPU.ActiveCfg = Debug|Any CPU
		{5A4E42F6-4DE8-4BA8-A84B-44A6F76F3069}.Debug|Any CPU.Build.0 = Debug|Any CPU
		{5A4E42F6-4DE8-4BA8-A84B-44A6F76F3069}.Release|Any CPU.ActiveCfg = Release|Any CPU
		{5A4E42F6-4DE8-4BA8-A84B-44A6F76F3069}.Release|Any CPU.Build.0 = Release|Any CPU
		{637A7060-B4BF-4D1B-87EC-F80B0D454963}.Debug|Any CPU.ActiveCfg = Debug|Any CPU
		{637A7060-B4BF-4D1B-87EC-F80B0D454963}.Debug|Any CPU.Build.0 = Debug|Any CPU
		{637A7060-B4BF-4D1B-87EC-F80B0D454963}.Release|Any CPU.ActiveCfg = Release|Any CPU
		{637A7060-B4BF-4D1B-87EC-F80B0D454963}.Release|Any CPU.Build.0 = Release|Any CPU
		{68BD4502-3B3F-419B-A56F-71BB345AA5CB}.Debug|Any CPU.ActiveCfg = Debug|Any CPU
		{68BD4502-3B3F-419B-A56F-71BB345AA5CB}.Debug|Any CPU.Build.0 = Debug|Any CPU
		{68BD4502-3B3F-419B-A56F-71BB345AA5CB}.Release|Any CPU.ActiveCfg = Release|Any CPU
		{68BD4502-3B3F-419B-A56F-71BB345AA5CB}.Release|Any CPU.Build.0 = Release|Any CPU
		{5DEE16D3-55AF-444B-9E91-9F0FD9ADC36F}.Debug|Any CPU.ActiveCfg = Debug|Any CPU
		{5DEE16D3-55AF-444B-9E91-9F0FD9ADC36F}.Debug|Any CPU.Build.0 = Debug|Any CPU
		{5DEE16D3-55AF-444B-9E91-9F0FD9ADC36F}.Release|Any CPU.ActiveCfg = Release|Any CPU
		{5DEE16D3-55AF-444B-9E91-9F0FD9ADC36F}.Release|Any CPU.Build.0 = Release|Any CPU
		{ABDA19C1-7C9D-40E7-9818-35EF56FC78B2}.Debug|Any CPU.ActiveCfg = Debug|Any CPU
		{ABDA19C1-7C9D-40E7-9818-35EF56FC78B2}.Debug|Any CPU.Build.0 = Debug|Any CPU
		{ABDA19C1-7C9D-40E7-9818-35EF56FC78B2}.Release|Any CPU.ActiveCfg = Release|Any CPU
		{ABDA19C1-7C9D-40E7-9818-35EF56FC78B2}.Release|Any CPU.Build.0 = Release|Any CPU
		{1EF2E0C9-6681-4BC8-ABE2-1059AB6EF551}.Debug|Any CPU.ActiveCfg = Debug|Any CPU
		{1EF2E0C9-6681-4BC8-ABE2-1059AB6EF551}.Debug|Any CPU.Build.0 = Debug|Any CPU
		{1EF2E0C9-6681-4BC8-ABE2-1059AB6EF551}.Release|Any CPU.ActiveCfg = Release|Any CPU
		{1EF2E0C9-6681-4BC8-ABE2-1059AB6EF551}.Release|Any CPU.Build.0 = Release|Any CPU
	EndGlobalSection
	GlobalSection(SolutionProperties) = preSolution
		HideSolutionNode = FALSE
	EndGlobalSection
	GlobalSection(ExtensibilityGlobals) = postSolution
		SolutionGuid = {BD7C5F34-CF30-4B32-98A8-FF1D29A01335}
	EndGlobalSection
EndGlobal
